// !$*UTF8*$!
{
	archiveVersion = 1;
	classes = {
	};
	objectVersion = 50;
	objects = {

/* Begin PBXBuildFile section */
		5C03BCA3252BF4E4007D36D0 /* GLUT.framework in Frameworks */ = {isa = PBXBuildFile; fileRef = 5C03BCA2252BF4E4007D36D0 /* GLUT.framework */; };
		5C03BCA5252BF4EE007D36D0 /* OpenGL.framework in Frameworks */ = {isa = PBXBuildFile; fileRef = 5C03BCA4252BF4EE007D36D0 /* OpenGL.framework */; };
		5CDA922E25254B570026F6EC /* main.cpp in Sources */ = {isa = PBXBuildFile; fileRef = 5CDA922D25254B570026F6EC /* main.cpp */; };
/* End PBXBuildFile section */

/* Begin PBXCopyFilesBuildPhase section */
		5CDA922825254B570026F6EC /* CopyFiles */ = {
			isa = PBXCopyFilesBuildPhase;
			buildActionMask = 2147483647;
			dstPath = /usr/share/man/man1/;
			dstSubfolderSpec = 0;
			files = (
			);
			runOnlyForDeploymentPostprocessing = 1;
		};
/* End PBXCopyFilesBuildPhase section */

/* Begin PBXFileReference section */
		5C03BC9625254D1C007D36D0 /* string3.h */ = {isa = PBXFileReference; fileEncoding = 4; lastKnownFileType = sourcecode.c.h; name = string3.h; path = ../../include/string3.h; sourceTree = "<group>"; };
		5C03BC9825254D1C007D36D0 /* size3_t.h */ = {isa = PBXFileReference; fileEncoding = 4; lastKnownFileType = sourcecode.c.h; name = size3_t.h; path = ../../include/size3_t.h; sourceTree = "<group>"; };
		5C03BC9B25254E63007D36D0 /* platforms */ = {isa = PBXFileReference; lastKnownFileType = folder; name = platforms; path = ../../include/platforms; sourceTree = "<group>"; };
		5C03BC9C25254E63007D36D0 /* shapes */ = {isa = PBXFileReference; lastKnownFileType = folder; name = shapes; path = ../../include/shapes; sourceTree = "<group>"; };
		5C03BC9D25257831007D36D0 /* lewdo.h */ = {isa = PBXFileReference; lastKnownFileType = sourcecode.c.h; name = lewdo.h; path = ../../include/lewdo.h; sourceTree = "<group>"; };
		5C03BC9E25258190007D36D0 /* grid.h */ = {isa = PBXFileReference; lastKnownFileType = sourcecode.c.h; name = grid.h; path = ../../include/shapes/grid.h; sourceTree = "<group>"; };
		5C03BC9F252BF357007D36D0 /* string3_gl.h */ = {isa = PBXFileReference; lastKnownFileType = sourcecode.c.h; name = string3_gl.h; path = ../../include/platforms/gl/string3_gl.h; sourceTree = "<group>"; };
		5C03BCA0252BF3AB007D36D0 /* string3_glut.h */ = {isa = PBXFileReference; lastKnownFileType = sourcecode.c.h; name = string3_glut.h; path = ../../include/platforms/gl/string3_glut.h; sourceTree = "<group>"; };
		5C03BCA2252BF4E4007D36D0 /* GLUT.framework */ = {isa = PBXFileReference; lastKnownFileType = wrapper.framework; name = GLUT.framework; path = System/Library/Frameworks/GLUT.framework; sourceTree = SDKROOT; };
		5C03BCA4252BF4EE007D36D0 /* OpenGL.framework */ = {isa = PBXFileReference; lastKnownFileType = wrapper.framework; name = OpenGL.framework; path = System/Library/Frameworks/OpenGL.framework; sourceTree = SDKROOT; };
		5C03BCA6252C0098007D36D0 /* math3_t.h */ = {isa = PBXFileReference; lastKnownFileType = sourcecode.c.h; name = math3_t.h; path = ../../include/math3_t.h; sourceTree = "<group>"; };
		5C03BCA7252C1061007D36D0 /* font.h */ = {isa = PBXFileReference; lastKnownFileType = sourcecode.c.h; name = font.h; path = ../../include/shapes/font.h; sourceTree = "<group>"; };
		5C5A188B252D142A00B0E21C /* hyperspace.h */ = {isa = PBXFileReference; fileEncoding = 4; lastKnownFileType = sourcecode.c.h; name = hyperspace.h; path = ../../include/shapes/hyperspace.h; sourceTree = "<group>"; };
		5CA9465F253152490078E746 /* hyperspace_gl.h */ = {isa = PBXFileReference; lastKnownFileType = sourcecode.c.h; name = hyperspace_gl.h; path = ../../include/platforms/gl/hyperspace_gl.h; sourceTree = "<group>"; };
		5CDA922A25254B570026F6EC /* lewdo_native */ = {isa = PBXFileReference; explicitFileType = "compiled.mach-o.executable"; includeInIndex = 0; path = lewdo_native; sourceTree = BUILT_PRODUCTS_DIR; };
		5CDA922D25254B570026F6EC /* main.cpp */ = {isa = PBXFileReference; lastKnownFileType = sourcecode.cpp.cpp; path = main.cpp; sourceTree = "<group>"; };
/* End PBXFileReference section */

/* Begin PBXFrameworksBuildPhase section */
		5CDA922725254B570026F6EC /* Frameworks */ = {
			isa = PBXFrameworksBuildPhase;
			buildActionMask = 2147483647;
			files = (
				5C03BCA5252BF4EE007D36D0 /* OpenGL.framework in Frameworks */,
				5C03BCA3252BF4E4007D36D0 /* GLUT.framework in Frameworks */,
			);
			runOnlyForDeploymentPostprocessing = 0;
		};
/* End PBXFrameworksBuildPhase section */

/* Begin PBXGroup section */
		5C03BCA1252BF4E4007D36D0 /* Frameworks */ = {
			isa = PBXGroup;
			children = (
				5C03BCA4252BF4EE007D36D0 /* OpenGL.framework */,
				5C03BCA2252BF4E4007D36D0 /* GLUT.framework */,
			);
			name = Frameworks;
			sourceTree = "<group>";
		};
		5CDA922125254B570026F6EC = {
			isa = PBXGroup;
			children = (
				5CDA922C25254B570026F6EC /* lewdo_native */,
				5CDA922B25254B570026F6EC /* Products */,
				5C03BCA1252BF4E4007D36D0 /* Frameworks */,
			);
			sourceTree = "<group>";
		};
		5CDA922B25254B570026F6EC /* Products */ = {
			isa = PBXGroup;
			children = (
				5CDA922A25254B570026F6EC /* lewdo_native */,
			);
			name = Products;
			sourceTree = "<group>";
		};
		5CDA922C25254B570026F6EC /* lewdo_native */ = {
			isa = PBXGroup;
			children = (
				5C5A188B252D142A00B0E21C /* hyperspace.h */,
				5C03BC9B25254E63007D36D0 /* platforms */,
				5C03BC9C25254E63007D36D0 /* shapes */,
				5C03BC9825254D1C007D36D0 /* size3_t.h */,
				5C03BC9625254D1C007D36D0 /* string3.h */,
				5CDA922D25254B570026F6EC /* main.cpp */,
				5C03BC9D25257831007D36D0 /* lewdo.h */,
				5C03BC9E25258190007D36D0 /* grid.h */,
				5C03BC9F252BF357007D36D0 /* string3_gl.h */,
				5C03BCA0252BF3AB007D36D0 /* string3_glut.h */,
				5C03BCA6252C0098007D36D0 /* math3_t.h */,
				5C03BCA7252C1061007D36D0 /* font.h */,
				5CA9465F253152490078E746 /* hyperspace_gl.h */,
			);
			path = lewdo_native;
			sourceTree = "<group>";
		};
/* End PBXGroup section */

/* Begin PBXNativeTarget section */
		5CDA922925254B570026F6EC /* lewdo_native */ = {
			isa = PBXNativeTarget;
			buildConfigurationList = 5CDA923125254B570026F6EC /* Build configuration list for PBXNativeTarget "lewdo_native" */;
			buildPhases = (
				5CDA922625254B570026F6EC /* Sources */,
				5CDA922725254B570026F6EC /* Frameworks */,
				5CDA922825254B570026F6EC /* CopyFiles */,
			);
			buildRules = (
			);
			dependencies = (
			);
			name = lewdo_native;
			productName = lewdo_native;
			productReference = 5CDA922A25254B570026F6EC /* lewdo_native */;
			productType = "com.apple.product-type.tool";
		};
/* End PBXNativeTarget section */

/* Begin PBXProject section */
		5CDA922225254B570026F6EC /* Project object */ = {
			isa = PBXProject;
			attributes = {
				LastUpgradeCheck = 1020;
				ORGANIZATIONNAME = "Lewey Geselowitz";
				TargetAttributes = {
					5CDA922925254B570026F6EC = {
						CreatedOnToolsVersion = 10.2.1;
					};
				};
			};
			buildConfigurationList = 5CDA922525254B570026F6EC /* Build configuration list for PBXProject "lewdo_native" */;
			compatibilityVersion = "Xcode 9.3";
			developmentRegion = en;
			hasScannedForEncodings = 0;
			knownRegions = (
				en,
			);
			mainGroup = 5CDA922125254B570026F6EC;
			productRefGroup = 5CDA922B25254B570026F6EC /* Products */;
			projectDirPath = "";
			projectRoot = "";
			targets = (
				5CDA922925254B570026F6EC /* lewdo_native */,
			);
		};
/* End PBXProject section */

/* Begin PBXSourcesBuildPhase section */
		5CDA922625254B570026F6EC /* Sources */ = {
			isa = PBXSourcesBuildPhase;
			buildActionMask = 2147483647;
			files = (
				5CDA922E25254B570026F6EC /* main.cpp in Sources */,
			);
			runOnlyForDeploymentPostprocessing = 0;
		};
/* End PBXSourcesBuildPhase section */

/* Begin XCBuildConfiguration section */
		5CDA922F25254B570026F6EC /* Debug */ = {
			isa = XCBuildConfiguration;
			buildSettings = {
				ALWAYS_SEARCH_USER_PATHS = NO;
				CLANG_ANALYZER_NONNULL = YES;
				CLANG_ANALYZER_NUMBER_OBJECT_CONVERSION = YES_AGGRESSIVE;
				CLANG_CXX_LANGUAGE_STANDARD = "gnu++14";
				CLANG_CXX_LIBRARY = "libc++";
				CLANG_ENABLE_MODULES = YES;
				CLANG_ENABLE_OBJC_ARC = YES;
				CLANG_ENABLE_OBJC_WEAK = YES;
				CLANG_WARN_BLOCK_CAPTURE_AUTORELEASING = YES;
				CLANG_WARN_BOOL_CONVERSION = YES;
				CLANG_WARN_COMMA = YES;
				CLANG_WARN_CONSTANT_CONVERSION = YES;
				CLANG_WARN_DEPRECATED_OBJC_IMPLEMENTATIONS = YES;
				CLANG_WARN_DIRECT_OBJC_ISA_USAGE = YES_ERROR;
				CLANG_WARN_DOCUMENTATION_COMMENTS = YES;
				CLANG_WARN_EMPTY_BODY = YES;
				CLANG_WARN_ENUM_CONVERSION = YES;
				CLANG_WARN_INFINITE_RECURSION = YES;
				CLANG_WARN_INT_CONVERSION = YES;
				CLANG_WARN_NON_LITERAL_NULL_CONVERSION = YES;
				CLANG_WARN_OBJC_IMPLICIT_RETAIN_SELF = YES;
				CLANG_WARN_OBJC_LITERAL_CONVERSION = YES;
				CLANG_WARN_OBJC_ROOT_CLASS = YES_ERROR;
				CLANG_WARN_RANGE_LOOP_ANALYSIS = YES;
				CLANG_WARN_STRICT_PROTOTYPES = YES;
				CLANG_WARN_SUSPICIOUS_MOVE = YES;
				CLANG_WARN_UNGUARDED_AVAILABILITY = YES_AGGRESSIVE;
				CLANG_WARN_UNREACHABLE_CODE = YES;
				CLANG_WARN__DUPLICATE_METHOD_MATCH = YES;
				CODE_SIGN_IDENTITY = "Mac Developer";
				COPY_PHASE_STRIP = NO;
				DEBUG_INFORMATION_FORMAT = dwarf;
				ENABLE_STRICT_OBJC_MSGSEND = YES;
				ENABLE_TESTABILITY = YES;
				GCC_C_LANGUAGE_STANDARD = gnu11;
				GCC_DYNAMIC_NO_PIC = NO;
				GCC_NO_COMMON_BLOCKS = YES;
				GCC_OPTIMIZATION_LEVEL = 0;
				GCC_PREPROCESSOR_DEFINITIONS = (
					"DEBUG=1",
					"$(inherited)",
				);
				GCC_WARN_64_TO_32_BIT_CONVERSION = YES;
				GCC_WARN_ABOUT_RETURN_TYPE = YES_ERROR;
				GCC_WARN_UNDECLARED_SELECTOR = YES;
				GCC_WARN_UNINITIALIZED_AUTOS = YES_AGGRESSIVE;
				GCC_WARN_UNUSED_FUNCTION = YES;
				GCC_WARN_UNUSED_VARIABLE = YES;
				MACOSX_DEPLOYMENT_TARGET = 10.14;
				MTL_ENABLE_DEBUG_INFO = INCLUDE_SOURCE;
				MTL_FAST_MATH = YES;
				ONLY_ACTIVE_ARCH = YES;
				SDKROOT = macosx;
			};
			name = Debug;
		};
		5CDA923025254B570026F6EC /* Release */ = {
			isa = XCBuildConfiguration;
			buildSettings = {
				ALWAYS_SEARCH_USER_PATHS = NO;
				CLANG_ANALYZER_NONNULL = YES;
				CLANG_ANALYZER_NUMBER_OBJECT_CONVERSION = YES_AGGRESSIVE;
				CLANG_CXX_LANGUAGE_STANDARD = "gnu++14";
				CLANG_CXX_LIBRARY = "libc++";
				CLANG_ENABLE_MODULES = YES;
				CLANG_ENABLE_OBJC_ARC = YES;
				CLANG_ENABLE_OBJC_WEAK = YES;
				CLANG_WARN_BLOCK_CAPTURE_AUTORELEASING = YES;
				CLANG_WARN_BOOL_CONVERSION = YES;
				CLANG_WARN_COMMA = YES;
				CLANG_WARN_CONSTANT_CONVERSION = YES;
				CLANG_WARN_DEPRECATED_OBJC_IMPLEMENTATIONS = YES;
				CLANG_WARN_DIRECT_OBJC_ISA_USAGE = YES_ERROR;
				CLANG_WARN_DOCUMENTATION_COMMENTS = YES;
				CLANG_WARN_EMPTY_BODY = YES;
				CLANG_WARN_ENUM_CONVERSION = YES;
				CLANG_WARN_INFINITE_RECURSION = YES;
				CLANG_WARN_INT_CONVERSION = YES;
				CLANG_WARN_NON_LITERAL_NULL_CONVERSION = YES;
				CLANG_WARN_OBJC_IMPLICIT_RETAIN_SELF = YES;
				CLANG_WARN_OBJC_LITERAL_CONVERSION = YES;
				CLANG_WARN_OBJC_ROOT_CLASS = YES_ERROR;
				CLANG_WARN_RANGE_LOOP_ANALYSIS = YES;
				CLANG_WARN_STRICT_PROTOTYPES = YES;
				CLANG_WARN_SUSPICIOUS_MOVE = YES;
				CLANG_WARN_UNGUARDED_AVAILABILITY = YES_AGGRESSIVE;
				CLANG_WARN_UNREACHABLE_CODE = YES;
				CLANG_WARN__DUPLICATE_METHOD_MATCH = YES;
				CODE_SIGN_IDENTITY = "Mac Developer";
				COPY_PHASE_STRIP = NO;
				DEBUG_INFORMATION_FORMAT = "dwarf-with-dsym";
				ENABLE_NS_ASSERTIONS = NO;
				ENABLE_STRICT_OBJC_MSGSEND = YES;
				GCC_C_LANGUAGE_STANDARD = gnu11;
				GCC_NO_COMMON_BLOCKS = YES;
				GCC_WARN_64_TO_32_BIT_CONVERSION = YES;
				GCC_WARN_ABOUT_RETURN_TYPE = YES_ERROR;
				GCC_WARN_UNDECLARED_SELECTOR = YES;
				GCC_WARN_UNINITIALIZED_AUTOS = YES_AGGRESSIVE;
				GCC_WARN_UNUSED_FUNCTION = YES;
				GCC_WARN_UNUSED_VARIABLE = YES;
				MACOSX_DEPLOYMENT_TARGET = 10.14;
				MTL_ENABLE_DEBUG_INFO = NO;
				MTL_FAST_MATH = YES;
				SDKROOT = macosx;
			};
			name = Release;
		};
		5CDA923225254B570026F6EC /* Debug */ = {
			isa = XCBuildConfiguration;
			buildSettings = {
				CODE_SIGN_STYLE = Automatic;
				DEVELOPMENT_TEAM = QJ327SN5D2;
				PRODUCT_NAME = "$(TARGET_NAME)";
			};
			name = Debug;
		};
		5CDA923325254B570026F6EC /* Release */ = {
			isa = XCBuildConfiguration;
			buildSettings = {
				CODE_SIGN_STYLE = Automatic;
				DEVELOPMENT_TEAM = QJ327SN5D2;
				PRODUCT_NAME = "$(TARGET_NAME)";
			};
			name = Release;
		};
/* End XCBuildConfiguration section */

/* Begin XCConfigurationList section */
		5CDA922525254B570026F6EC /* Build configuration list for PBXProject "lewdo_native" */ = {
			isa = XCConfigurationList;
			buildConfigurations = (
				5CDA922F25254B570026F6EC /* Debug */,
				5CDA923025254B570026F6EC /* Release */,
			);
			defaultConfigurationIsVisible = 0;
			defaultConfigurationName = Release;
		};
		5CDA923125254B570026F6EC /* Build configuration list for PBXNativeTarget "lewdo_native" */ = {
			isa = XCConfigurationList;
			buildConfigurations = (
				5CDA923225254B570026F6EC /* Debug */,
				5CDA923325254B570026F6EC /* Release */,
			);
			defaultConfigurationIsVisible = 0;
			defaultConfigurationName = Release;
		};
/* End XCConfigurationList section */
	};
	rootObject = 5CDA922225254B570026F6EC /* Project object */;
}
